
Microsoft Visual Studio Solution File, Format Version 12.00
# Visual Studio 15
VisualStudioVersion = 15.0.28307.1209
MinimumVisualStudioVersion = 10.0.40219.1
Project("{FAE04EC0-301F-11D3-BF4B-00C04F79EFBC}") = "Areas", "Areas\Areas.csproj", "{B22FB2C9-AD31-4B73-8E06-E591C2BE6CD9}"
EndProject
Global
	GlobalSection(SolutionConfigurationPlatforms) = preSolution
		Debug|Any CPU = Debug|Any CPU
		Release|Any CPU = Release|Any CPU
	EndGlobalSection
	GlobalSection(ProjectConfigurationPlatforms) = postSolution
		{B22FB2C9-AD31-4B73-8E06-E591C2BE6CD9}.Debug|Any CPU.ActiveCfg = Debug|Any CPU
		{B22FB2C9-AD31-4B73-8E06-E591C2BE6CD9}.Debug|Any CPU.Build.0 = Debug|Any CPU
		{B22FB2C9-AD31-4B73-8E06-E591C2BE6CD9}.Release|Any CPU.ActiveCfg = Release|Any CPU
		{B22FB2C9-AD31-4B73-8E06-E591C2BE6CD9}.Release|Any CPU.Build.0 = Release|Any CPU
	EndGlobalSection
	GlobalSection(SolutionProperties) = preSolution
		HideSolutionNode = FALSE
	EndGlobalSection
	GlobalSection(ExtensibilityGlobals) = postSolution
		SolutionGuid = {8EFDFBE3-BC0D-447C-B1F0-BF22214A3A99}
	EndGlobalSection
EndGlobal
